
Microsoft Visual Studio Solution File, Format Version 12.00
# Visual Studio 15
VisualStudioVersion = 15.0.28307.1062
MinimumVisualStudioVersion = 10.0.40219.1
Project("{FAE04EC0-301F-11D3-BF4B-00C04F79EFBC}") = "Unit_tests", "Unit_tests\Unit_tests.csproj", "{BA9D1248-6E9C-4C28-A6EE-9859F5A1604B}"
EndProject
Project("{FAE04EC0-301F-11D3-BF4B-00C04F79EFBC}") = "UnitTestProject1", "UnitTestProject1\UnitTestProject1.csproj", "{ED62FCF2-CAD4-4FB9-8AB9-E4507592B1F8}"
EndProject
Global
	GlobalSection(SolutionConfigurationPlatforms) = preSolution
		Debug|Any CPU = Debug|Any CPU
		Release|Any CPU = Release|Any CPU
	EndGlobalSection
	GlobalSection(ProjectConfigurationPlatforms) = postSolution
		{BA9D1248-6E9C-4C28-A6EE-9859F5A1604B}.Debug|Any CPU.ActiveCfg = Debug|Any CPU
		{BA9D1248-6E9C-4C28-A6EE-9859F5A1604B}.Debug|Any CPU.Build.0 = Debug|Any CPU
		{BA9D1248-6E9C-4C28-A6EE-9859F5A1604B}.Release|Any CPU.ActiveCfg = Release|Any CPU
		{BA9D1248-6E9C-4C28-A6EE-9859F5A1604B}.Release|Any CPU.Build.0 = Release|Any CPU
		{ED62FCF2-CAD4-4FB9-8AB9-E4507592B1F8}.Debug|Any CPU.ActiveCfg = Debug|Any CPU
		{ED62FCF2-CAD4-4FB9-8AB9-E4507592B1F8}.Debug|Any CPU.Build.0 = Debug|Any CPU
		{ED62FCF2-CAD4-4FB9-8AB9-E4507592B1F8}.Release|Any CPU.ActiveCfg = Release|Any CPU
		{ED62FCF2-CAD4-4FB9-8AB9-E4507592B1F8}.Release|Any CPU.Build.0 = Release|Any CPU
	EndGlobalSection
	GlobalSection(SolutionProperties) = preSolution
		HideSolutionNode = FALSE
	EndGlobalSection
	GlobalSection(ExtensibilityGlobals) = postSolution
		SolutionGuid = {D3E909EE-AFEE-4BB0-A852-33AFD66F83D7}
	EndGlobalSection
EndGlobal
